<?xml version="1.0" encoding="utf-8"?>
<Project ToolsVersion="4.0" xmlns="http://schemas.microsoft.com/developer/msbuild/2003">
  <ItemGroup>
    <Filter Include="Source Files">
      <UniqueIdentifier>{4FC737F1-C7A5-4376-A066-2A32D752A2FF}</UniqueIdentifier>
      <Extensions>cpp;c;cc;cxx;c++;cppm;ixx;def;odl;idl;hpj;bat;asm;asmx</Extensions>
    </Filter>
    <Filter Include="Header Files">
      <UniqueIdentifier>{93995380-89BD-4b04-88EB-625FBE52EBFB}</UniqueIdentifier>
      <Extensions>h;hh;hpp;hxx;h++;hm;inl;inc;ipp;xsd</Extensions>
    </Filter>
    <Filter Include="Resource Files">
      <UniqueIdentifier>{67DA6AB6-F800-4c08-8B7A-83BB121AAD01}</UniqueIdentifier>
      <Extensions>rc;ico;cur;bmp;dlg;rc2;rct;bin;rgs;gif;jpg;jpeg;jpe;resx;tiff;tif;png;wav;mfcribbon-ms</Extensions>
    </Filter>
    <Filter Include="Tests">
      <UniqueIdentifier>{33ecd0e8-34ed-452c-b85b-ce02ef8a65c0}</UniqueIdentifier>
    </Filter>
    <Filter Include="data">
      <UniqueIdentifier>{5826c640-e69c-4283-a7af-585d5633c727}</UniqueIdentifier>
    </Filter>
  </ItemGroup>
  <ItemGroup>
    <ClCompile Include="test\graph_input_test.cpp">
      <Filter>Tests</Filter>
    </ClCompile>
    <ClCompile Include="src\adjlistgraph.cpp">
      <Filter>Source Files</Filter>
    </ClCompile>
    <ClCompile Include="src\graphData.cpp">
      <Filter>Source Files</Filter>
    </ClCompile>
    <ClCompile Include="src\dfs.cpp">
      <Filter>Source Files</Filter>
    </ClCompile>
    <ClCompile Include="src\graph_dfs_test.cpp">
      <Filter>Tests</Filter>
    </ClCompile>
    <ClCompile Include="graph.cpp">
      <Filter>Source Files</Filter>
    </ClCompile>
  </ItemGroup>
  <ItemGroup>
    <ClInclude Include="include\graph.h">
      <Filter>Header Files</Filter>
    </ClInclude>
  </ItemGroup>
  <ItemGroup>
    <Text Include="data\mediumG.txt">
      <Filter>data</Filter>
    </Text>
    <Text Include="data\mediumUf.txt">
      <Filter>data</Filter>
    </Text>
    <Text Include="data\movies.txt">
      <Filter>data</Filter>
    </Text>
    <Text Include="data\routes.txt">
      <Filter>data</Filter>
    </Text>
    <Text Include="data\tinyG.txt">
      <Filter>data</Filter>
    </Text>
    <Text Include="data\tinyUF.txt">
      <Filter>data</Filter>
    </Text>
  </ItemGroup>
</Project>